{
  "name": "docsearchengine",
  "lockfileVersion": 3,
  "requires": true,
  "packages": {
    "": {
      "name": "docsearchengine",
      "workspaces": [
        "frontend",
        "backend"
      ],
      "engines": {
        "node": ">=18.17"
      }
    },
    "backend": {
      "name": "@docsearchengine/backend",
      "version": "0.0.0"
    },
    "frontend": {
      "name": "@docsearchengine/frontend",
      "version": "0.0.0"
    },
    "node_modules/@docsearchengine/backend": {
      "resolved": "backend",
      "link": true
    },
    "node_modules/@docsearchengine/frontend": {
      "resolved": "frontend",
      "link": true
    }
  }
}
